<Solution>
  <Configurations>
    <BuildType Name="Debug" />
    <BuildType Name="NuGet" />
    <BuildType Name="Release" />
  </Configurations>
  <Folder Name="/Source/">
    <Project Path="Source/DMBFormBuilder.csproj" />
  </Folder>
  <Folder Name="/Labs/">
    <Project Path="Labs/DMBFormBuilderLabs.csproj">
      <BuildType Solution="NuGet|*" Project="Debug" />
    </Project>
  </Folder>
  <Folder Name="/Website/">
    <Project Path="Website/DMBFormBuilderWebsite.csproj">
      <BuildType Solution="NuGet|*" Project="Debug" />
    </Project>
  </Folder>
  <Folder Name="/UnitTests/">
    <Project Path="UnitTests/DMBFormBuilderUnitTest.csproj">
      <BuildType Solution="NuGet|*" Project="Debug" />
    </Project>
  </Folder>
</Solution>
